// !$*UTF8*$!
{
	archiveVersion = 1;
	classes = {
	};
	objectVersion = 55;
	objects = {

/* Begin PBXBuildFile section */
		04F9D91228464CB60056FF5B /* AppDelegate.swift in Sources */ = {isa = PBXBuildFile; fileRef = 04F9D91128464CB60056FF5B /* AppDelegate.swift */; };
		04F9D91428464CB60056FF5B /* SceneDelegate.swift in Sources */ = {isa = PBXBuildFile; fileRef = 04F9D91328464CB60056FF5B /* SceneDelegate.swift */; };
		04F9D91628464CB60056FF5B /* ConversationViewController.swift in Sources */ = {isa = PBXBuildFile; fileRef = 04F9D91528464CB60056FF5B /* ConversationViewController.swift */; };
		04F9D91928464CB60056FF5B /* Main.storyboard in Resources */ = {isa = PBXBuildFile; fileRef = 04F9D91728464CB60056FF5B /* Main.storyboard */; };
		04F9D91B28464CB70056FF5B /* Assets.xcassets in Resources */ = {isa = PBXBuildFile; fileRef = 04F9D91A28464CB70056FF5B /* Assets.xcassets */; };
		04F9D91E28464CB70056FF5B /* LaunchScreen.storyboard in Resources */ = {isa = PBXBuildFile; fileRef = 04F9D91C28464CB70056FF5B /* LaunchScreen.storyboard */; };
		04F9D92928464CB70056FF5B /* MessegerTests.swift in Sources */ = {isa = PBXBuildFile; fileRef = 04F9D92828464CB70056FF5B /* MessegerTests.swift */; };
		04F9D93328464CB70056FF5B /* MessegerUITests.swift in Sources */ = {isa = PBXBuildFile; fileRef = 04F9D93228464CB70056FF5B /* MessegerUITests.swift */; };
		04F9D93528464CB70056FF5B /* MessegerUITestsLaunchTests.swift in Sources */ = {isa = PBXBuildFile; fileRef = 04F9D93428464CB70056FF5B /* MessegerUITestsLaunchTests.swift */; };
		04F9D948284650040056FF5B /* LoginViewController.swift in Sources */ = {isa = PBXBuildFile; fileRef = 04F9D947284650040056FF5B /* LoginViewController.swift */; };
		04F9D94A284650320056FF5B /* RegisterViewController.swift in Sources */ = {isa = PBXBuildFile; fileRef = 04F9D949284650320056FF5B /* RegisterViewController.swift */; };
		04F9D94C284650610056FF5B /* PhotoViewerViewController.swift in Sources */ = {isa = PBXBuildFile; fileRef = 04F9D94B284650610056FF5B /* PhotoViewerViewController.swift */; };
		04F9D94E284650750056FF5B /* VideoPlayerViewController.swift in Sources */ = {isa = PBXBuildFile; fileRef = 04F9D94D284650750056FF5B /* VideoPlayerViewController.swift */; };
		04F9D950284650D50056FF5B /* NewConversationViewControllerViewController.swift in Sources */ = {isa = PBXBuildFile; fileRef = 04F9D94F284650D50056FF5B /* NewConversationViewControllerViewController.swift */; };
		04F9D952284650DF0056FF5B /* ProfileViewController.swift in Sources */ = {isa = PBXBuildFile; fileRef = 04F9D951284650DF0056FF5B /* ProfileViewController.swift */; };
		04F9D955284667CB0056FF5B /* Extensions.swift in Sources */ = {isa = PBXBuildFile; fileRef = 04F9D954284667CB0056FF5B /* Extensions.swift */; };
/* End PBXBuildFile section */

/* Begin PBXContainerItemProxy section */
		04F9D92528464CB70056FF5B /* PBXContainerItemProxy */ = {
			isa = PBXContainerItemProxy;
			containerPortal = 04F9D90628464CB60056FF5B /* Project object */;
			proxyType = 1;
			remoteGlobalIDString = 04F9D90D28464CB60056FF5B;
			remoteInfo = Messeger;
		};
		04F9D92F28464CB70056FF5B /* PBXContainerItemProxy */ = {
			isa = PBXContainerItemProxy;
			containerPortal = 04F9D90628464CB60056FF5B /* Project object */;
			proxyType = 1;
			remoteGlobalIDString = 04F9D90D28464CB60056FF5B;
			remoteInfo = Messeger;
		};
/* End PBXContainerItemProxy section */

/* Begin PBXFileReference section */
		04F9D90E28464CB60056FF5B /* Messeger.app */ = {isa = PBXFileReference; explicitFileType = wrapper.application; includeInIndex = 0; path = Messeger.app; sourceTree = BUILT_PRODUCTS_DIR; };
		04F9D91128464CB60056FF5B /* AppDelegate.swift */ = {isa = PBXFileReference; lastKnownFileType = sourcecode.swift; path = AppDelegate.swift; sourceTree = "<group>"; };
		04F9D91328464CB60056FF5B /* SceneDelegate.swift */ = {isa = PBXFileReference; lastKnownFileType = sourcecode.swift; path = SceneDelegate.swift; sourceTree = "<group>"; };
		04F9D91528464CB60056FF5B /* ConversationViewController.swift */ = {isa = PBXFileReference; lastKnownFileType = sourcecode.swift; path = ConversationViewController.swift; sourceTree = "<group>"; };
		04F9D91828464CB60056FF5B /* Base */ = {isa = PBXFileReference; lastKnownFileType = file.storyboard; name = Base; path = Base.lproj/Main.storyboard; sourceTree = "<group>"; };
		04F9D91A28464CB70056FF5B /* Assets.xcassets */ = {isa = PBXFileReference; lastKnownFileType = folder.assetcatalog; path = Assets.xcassets; sourceTree = "<group>"; };
		04F9D91D28464CB70056FF5B /* Base */ = {isa = PBXFileReference; lastKnownFileType = file.storyboard; name = Base; path = Base.lproj/LaunchScreen.storyboard; sourceTree = "<group>"; };
		04F9D91F28464CB70056FF5B /* Info.plist */ = {isa = PBXFileReference; lastKnownFileType = text.plist.xml; path = Info.plist; sourceTree = "<group>"; };
		04F9D92428464CB70056FF5B /* MessegerTests.xctest */ = {isa = PBXFileReference; explicitFileType = wrapper.cfbundle; includeInIndex = 0; path = MessegerTests.xctest; sourceTree = BUILT_PRODUCTS_DIR; };
		04F9D92828464CB70056FF5B /* MessegerTests.swift */ = {isa = PBXFileReference; lastKnownFileType = sourcecode.swift; path = MessegerTests.swift; sourceTree = "<group>"; };
		04F9D92E28464CB70056FF5B /* MessegerUITests.xctest */ = {isa = PBXFileReference; explicitFileType = wrapper.cfbundle; includeInIndex = 0; path = MessegerUITests.xctest; sourceTree = BUILT_PRODUCTS_DIR; };
		04F9D93228464CB70056FF5B /* MessegerUITests.swift */ = {isa = PBXFileReference; lastKnownFileType = sourcecode.swift; path = MessegerUITests.swift; sourceTree = "<group>"; };
		04F9D93428464CB70056FF5B /* MessegerUITestsLaunchTests.swift */ = {isa = PBXFileReference; lastKnownFileType = sourcecode.swift; path = MessegerUITestsLaunchTests.swift; sourceTree = "<group>"; };
		04F9D947284650040056FF5B /* LoginViewController.swift */ = {isa = PBXFileReference; lastKnownFileType = sourcecode.swift; path = LoginViewController.swift; sourceTree = "<group>"; };
		04F9D949284650320056FF5B /* RegisterViewController.swift */ = {isa = PBXFileReference; lastKnownFileType = sourcecode.swift; path = RegisterViewController.swift; sourceTree = "<group>"; };
		04F9D94B284650610056FF5B /* PhotoViewerViewController.swift */ = {isa = PBXFileReference; lastKnownFileType = sourcecode.swift; path = PhotoViewerViewController.swift; sourceTree = "<group>"; };
		04F9D94D284650750056FF5B /* VideoPlayerViewController.swift */ = {isa = PBXFileReference; lastKnownFileType = sourcecode.swift; path = VideoPlayerViewController.swift; sourceTree = "<group>"; };
		04F9D94F284650D50056FF5B /* NewConversationViewControllerViewController.swift */ = {isa = PBXFileReference; lastKnownFileType = sourcecode.swift; path = NewConversationViewControllerViewController.swift; sourceTree = "<group>"; };
		04F9D951284650DF0056FF5B /* ProfileViewController.swift */ = {isa = PBXFileReference; lastKnownFileType = sourcecode.swift; path = ProfileViewController.swift; sourceTree = "<group>"; };
		04F9D954284667CB0056FF5B /* Extensions.swift */ = {isa = PBXFileReference; lastKnownFileType = sourcecode.swift; path = Extensions.swift; sourceTree = "<group>"; };
/* End PBXFileReference section */

/* Begin PBXFrameworksBuildPhase section */
		04F9D90B28464CB60056FF5B /* Frameworks */ = {
			isa = PBXFrameworksBuildPhase;
			buildActionMask = 2147483647;
			files = (
			);
			runOnlyForDeploymentPostprocessing = 0;
		};
		04F9D92128464CB70056FF5B /* Frameworks */ = {
			isa = PBXFrameworksBuildPhase;
			buildActionMask = 2147483647;
			files = (
			);
			runOnlyForDeploymentPostprocessing = 0;
		};
		04F9D92B28464CB70056FF5B /* Frameworks */ = {
			isa = PBXFrameworksBuildPhase;
			buildActionMask = 2147483647;
			files = (
			);
			runOnlyForDeploymentPostprocessing = 0;
		};
/* End PBXFrameworksBuildPhase section */

/* Begin PBXGroup section */
		04F9D90528464CB60056FF5B = {
			isa = PBXGroup;
			children = (
				04F9D91028464CB60056FF5B /* Messeger */,
				04F9D92728464CB70056FF5B /* MessegerTests */,
				04F9D93128464CB70056FF5B /* MessegerUITests */,
				04F9D90F28464CB60056FF5B /* Products */,
			);
			sourceTree = "<group>";
		};
		04F9D90F28464CB60056FF5B /* Products */ = {
			isa = PBXGroup;
			children = (
				04F9D90E28464CB60056FF5B /* Messeger.app */,
				04F9D92428464CB70056FF5B /* MessegerTests.xctest */,
				04F9D92E28464CB70056FF5B /* MessegerUITests.xctest */,
			);
			name = Products;
			sourceTree = "<group>";
		};
		04F9D91028464CB60056FF5B /* Messeger */ = {
			isa = PBXGroup;
			children = (
				04F9D94528464E420056FF5B /* Resources */,
				04F9D94428464E330056FF5B /* ViewModels */,
				04F9D94328464E1F0056FF5B /* Views */,
				04F9D94228464E190056FF5B /* Models */,
				04F9D94128464E130056FF5B /* Controllers */,
				04F9D91F28464CB70056FF5B /* Info.plist */,
			);
			path = Messeger;
			sourceTree = "<group>";
		};
		04F9D92728464CB70056FF5B /* MessegerTests */ = {
			isa = PBXGroup;
			children = (
				04F9D92828464CB70056FF5B /* MessegerTests.swift */,
			);
			path = MessegerTests;
			sourceTree = "<group>";
		};
		04F9D93128464CB70056FF5B /* MessegerUITests */ = {
			isa = PBXGroup;
			children = (
				04F9D93228464CB70056FF5B /* MessegerUITests.swift */,
				04F9D93428464CB70056FF5B /* MessegerUITestsLaunchTests.swift */,
			);
			path = MessegerUITests;
			sourceTree = "<group>";
		};
		04F9D94128464E130056FF5B /* Controllers */ = {
			isa = PBXGroup;
			children = (
				04F9D91528464CB60056FF5B /* ConversationViewController.swift */,
				04F9D953284651EC0056FF5B /* Auth */,
				04F9D94B284650610056FF5B /* PhotoViewerViewController.swift */,
				04F9D94D284650750056FF5B /* VideoPlayerViewController.swift */,
				04F9D94F284650D50056FF5B /* NewConversationViewControllerViewController.swift */,
				04F9D951284650DF0056FF5B /* ProfileViewController.swift */,
			);
			path = Controllers;
			sourceTree = "<group>";
		};
		04F9D94228464E190056FF5B /* Models */ = {
			isa = PBXGroup;
			children = (
			);
			path = Models;
			sourceTree = "<group>";
		};
		04F9D94328464E1F0056FF5B /* Views */ = {
			isa = PBXGroup;
			children = (
				04F9D94628464E840056FF5B /* Storyboards */,
				04F9D91A28464CB70056FF5B /* Assets.xcassets */,
			);
			path = Views;
			sourceTree = "<group>";
		};
		04F9D94428464E330056FF5B /* ViewModels */ = {
			isa = PBXGroup;
			children = (
			);
			path = ViewModels;
			sourceTree = "<group>";
		};
		04F9D94528464E420056FF5B /* Resources */ = {
			isa = PBXGroup;
			children = (
				04F9D91128464CB60056FF5B /* AppDelegate.swift */,
				04F9D91328464CB60056FF5B /* SceneDelegate.swift */,
				04F9D954284667CB0056FF5B /* Extensions.swift */,
			);
			path = Resources;
			sourceTree = "<group>";
		};
		04F9D94628464E840056FF5B /* Storyboards */ = {
			isa = PBXGroup;
			children = (
				04F9D91728464CB60056FF5B /* Main.storyboard */,
				04F9D91C28464CB70056FF5B /* LaunchScreen.storyboard */,
			);
			path = Storyboards;
			sourceTree = "<group>";
		};
		04F9D953284651EC0056FF5B /* Auth */ = {
			isa = PBXGroup;
			children = (
				04F9D947284650040056FF5B /* LoginViewController.swift */,
				04F9D949284650320056FF5B /* RegisterViewController.swift */,
			);
			path = Auth;
			sourceTree = "<group>";
		};
/* End PBXGroup section */

/* Begin PBXNativeTarget section */
		04F9D90D28464CB60056FF5B /* Messeger */ = {
			isa = PBXNativeTarget;
			buildConfigurationList = 04F9D93828464CB70056FF5B /* Build configuration list for PBXNativeTarget "Messeger" */;
			buildPhases = (
				04F9D90A28464CB60056FF5B /* Sources */,
				04F9D90B28464CB60056FF5B /* Frameworks */,
				04F9D90C28464CB60056FF5B /* Resources */,
			);
			buildRules = (
			);
			dependencies = (
			);
			name = Messeger;
			productName = Messeger;
			productReference = 04F9D90E28464CB60056FF5B /* Messeger.app */;
			productType = "com.apple.product-type.application";
		};
		04F9D92328464CB70056FF5B /* MessegerTests */ = {
			isa = PBXNativeTarget;
			buildConfigurationList = 04F9D93B28464CB70056FF5B /* Build configuration list for PBXNativeTarget "MessegerTests" */;
			buildPhases = (
				04F9D92028464CB70056FF5B /* Sources */,
				04F9D92128464CB70056FF5B /* Frameworks */,
				04F9D92228464CB70056FF5B /* Resources */,
			);
			buildRules = (
			);
			dependencies = (
				04F9D92628464CB70056FF5B /* PBXTargetDependency */,
			);
			name = MessegerTests;
			productName = MessegerTests;
			productReference = 04F9D92428464CB70056FF5B /* MessegerTests.xctest */;
			productType = "com.apple.product-type.bundle.unit-test";
		};
		04F9D92D28464CB70056FF5B /* MessegerUITests */ = {
			isa = PBXNativeTarget;
			buildConfigurationList = 04F9D93E28464CB70056FF5B /* Build configuration list for PBXNativeTarget "MessegerUITests" */;
			buildPhases = (
				04F9D92A28464CB70056FF5B /* Sources */,
				04F9D92B28464CB70056FF5B /* Frameworks */,
				04F9D92C28464CB70056FF5B /* Resources */,
			);
			buildRules = (
			);
			dependencies = (
				04F9D93028464CB70056FF5B /* PBXTargetDependency */,
			);
			name = MessegerUITests;
			productName = MessegerUITests;
			productReference = 04F9D92E28464CB70056FF5B /* MessegerUITests.xctest */;
			productType = "com.apple.product-type.bundle.ui-testing";
		};
/* End PBXNativeTarget section */

/* Begin PBXProject section */
		04F9D90628464CB60056FF5B /* Project object */ = {
			isa = PBXProject;
			attributes = {
				BuildIndependentTargetsInParallel = 1;
				LastSwiftUpdateCheck = 1330;
				LastUpgradeCheck = 1330;
				TargetAttributes = {
					04F9D90D28464CB60056FF5B = {
						CreatedOnToolsVersion = 13.3.1;
					};
					04F9D92328464CB70056FF5B = {
						CreatedOnToolsVersion = 13.3.1;
						TestTargetID = 04F9D90D28464CB60056FF5B;
					};
					04F9D92D28464CB70056FF5B = {
						CreatedOnToolsVersion = 13.3.1;
						TestTargetID = 04F9D90D28464CB60056FF5B;
					};
				};
			};
			buildConfigurationList = 04F9D90928464CB60056FF5B /* Build configuration list for PBXProject "Messeger" */;
			compatibilityVersion = "Xcode 13.0";
			developmentRegion = en;
			hasScannedForEncodings = 0;
			knownRegions = (
				en,
				Base,
			);
			mainGroup = 04F9D90528464CB60056FF5B;
			productRefGroup = 04F9D90F28464CB60056FF5B /* Products */;
			projectDirPath = "";
			projectRoot = "";
			targets = (
				04F9D90D28464CB60056FF5B /* Messeger */,
				04F9D92328464CB70056FF5B /* MessegerTests */,
				04F9D92D28464CB70056FF5B /* MessegerUITests */,
			);
		};
/* End PBXProject section */

/* Begin PBXResourcesBuildPhase section */
		04F9D90C28464CB60056FF5B /* Resources */ = {
			isa = PBXResourcesBuildPhase;
			buildActionMask = 2147483647;
			files = (
				04F9D91E28464CB70056FF5B /* LaunchScreen.storyboard in Resources */,
				04F9D91B28464CB70056FF5B /* Assets.xcassets in Resources */,
				04F9D91928464CB60056FF5B /* Main.storyboard in Resources */,
			);
			runOnlyForDeploymentPostprocessing = 0;
		};
		04F9D92228464CB70056FF5B /* Resources */ = {
			isa = PBXResourcesBuildPhase;
			buildActionMask = 2147483647;
			files = (
			);
			runOnlyForDeploymentPostprocessing = 0;
		};
		04F9D92C28464CB70056FF5B /* Resources */ = {
			isa = PBXResourcesBuildPhase;
			buildActionMask = 2147483647;
			files = (
			);
			runOnlyForDeploymentPostprocessing = 0;
		};
/* End PBXResourcesBuildPhase section */

/* Begin PBXSourcesBuildPhase section */
		04F9D90A28464CB60056FF5B /* Sources */ = {
			isa = PBXSourcesBuildPhase;
			buildActionMask = 2147483647;
			files = (
				04F9D948284650040056FF5B /* LoginViewController.swift in Sources */,
				04F9D94E284650750056FF5B /* VideoPlayerViewController.swift in Sources */,
				04F9D94A284650320056FF5B /* RegisterViewController.swift in Sources */,
				04F9D91628464CB60056FF5B /* ConversationViewController.swift in Sources */,
				04F9D91228464CB60056FF5B /* AppDelegate.swift in Sources */,
				04F9D955284667CB0056FF5B /* Extensions.swift in Sources */,
				04F9D91428464CB60056FF5B /* SceneDelegate.swift in Sources */,
				04F9D952284650DF0056FF5B /* ProfileViewController.swift in Sources */,
				04F9D94C284650610056FF5B /* PhotoViewerViewController.swift in Sources */,
				04F9D950284650D50056FF5B /* NewConversationViewControllerViewController.swift in Sources */,
			);
			runOnlyForDeploymentPostprocessing = 0;
		};
		04F9D92028464CB70056FF5B /* Sources */ = {
			isa = PBXSourcesBuildPhase;
			buildActionMask = 2147483647;
			files = (
				04F9D92928464CB70056FF5B /* MessegerTests.swift in Sources */,
			);
			runOnlyForDeploymentPostprocessing = 0;
		};
		04F9D92A28464CB70056FF5B /* Sources */ = {
			isa = PBXSourcesBuildPhase;
			buildActionMask = 2147483647;
			files = (
				04F9D93528464CB70056FF5B /* MessegerUITestsLaunchTests.swift in Sources */,
				04F9D93328464CB70056FF5B /* MessegerUITests.swift in Sources */,
			);
			runOnlyForDeploymentPostprocessing = 0;
		};
/* End PBXSourcesBuildPhase section */

/* Begin PBXTargetDependency section */
		04F9D92628464CB70056FF5B /* PBXTargetDependency */ = {
			isa = PBXTargetDependency;
			target = 04F9D90D28464CB60056FF5B /* Messeger */;
			targetProxy = 04F9D92528464CB70056FF5B /* PBXContainerItemProxy */;
		};
		04F9D93028464CB70056FF5B /* PBXTargetDependency */ = {
			isa = PBXTargetDependency;
			target = 04F9D90D28464CB60056FF5B /* Messeger */;
			targetProxy = 04F9D92F28464CB70056FF5B /* PBXContainerItemProxy */;
		};
/* End PBXTargetDependency section */

/* Begin PBXVariantGroup section */
		04F9D91728464CB60056FF5B /* Main.storyboard */ = {
			isa = PBXVariantGroup;
			children = (
				04F9D91828464CB60056FF5B /* Base */,
			);
			name = Main.storyboard;
			sourceTree = "<group>";
		};
		04F9D91C28464CB70056FF5B /* LaunchScreen.storyboard */ = {
			isa = PBXVariantGroup;
			children = (
				04F9D91D28464CB70056FF5B /* Base */,
			);
			name = LaunchScreen.storyboard;
			sourceTree = "<group>";
		};
/* End PBXVariantGroup section */

/* Begin XCBuildConfiguration section */
		04F9D93628464CB70056FF5B /* Debug */ = {
			isa = XCBuildConfiguration;
			buildSettings = {
				ALWAYS_SEARCH_USER_PATHS = NO;
				CLANG_ANALYZER_NONNULL = YES;
				CLANG_ANALYZER_NUMBER_OBJECT_CONVERSION = YES_AGGRESSIVE;
				CLANG_CXX_LANGUAGE_STANDARD = "gnu++17";
				CLANG_ENABLE_MODULES = YES;
				CLANG_ENABLE_OBJC_ARC = YES;
				CLANG_ENABLE_OBJC_WEAK = YES;
				CLANG_WARN_BLOCK_CAPTURE_AUTORELEASING = YES;
				CLANG_WARN_BOOL_CONVERSION = YES;
				CLANG_WARN_COMMA = YES;
				CLANG_WARN_CONSTANT_CONVERSION = YES;
				CLANG_WARN_DEPRECATED_OBJC_IMPLEMENTATIONS = YES;
				CLANG_WARN_DIRECT_OBJC_ISA_USAGE = YES_ERROR;
				CLANG_WARN_DOCUMENTATION_COMMENTS = YES;
				CLANG_WARN_EMPTY_BODY = YES;
				CLANG_WARN_ENUM_CONVERSION = YES;
				CLANG_WARN_INFINITE_RECURSION = YES;
				CLANG_WARN_INT_CONVERSION = YES;
				CLANG_WARN_NON_LITERAL_NULL_CONVERSION = YES;
				CLANG_WARN_OBJC_IMPLICIT_RETAIN_SELF = YES;
				CLANG_WARN_OBJC_LITERAL_CONVERSION = YES;
				CLANG_WARN_OBJC_ROOT_CLASS = YES_ERROR;
				CLANG_WARN_QUOTED_INCLUDE_IN_FRAMEWORK_HEADER = YES;
				CLANG_WARN_RANGE_LOOP_ANALYSIS = YES;
				CLANG_WARN_STRICT_PROTOTYPES = YES;
				CLANG_WARN_SUSPICIOUS_MOVE = YES;
				CLANG_WARN_UNGUARDED_AVAILABILITY = YES_AGGRESSIVE;
				CLANG_WARN_UNREACHABLE_CODE = YES;
				CLANG_WARN__DUPLICATE_METHOD_MATCH = YES;
				COPY_PHASE_STRIP = NO;
				DEBUG_INFORMATION_FORMAT = dwarf;
				ENABLE_STRICT_OBJC_MSGSEND = YES;
				ENABLE_TESTABILITY = YES;
				GCC_C_LANGUAGE_STANDARD = gnu11;
				GCC_DYNAMIC_NO_PIC = NO;
				GCC_NO_COMMON_BLOCKS = YES;
				GCC_OPTIMIZATION_LEVEL = 0;
				GCC_PREPROCESSOR_DEFINITIONS = (
					"DEBUG=1",
					"$(inherited)",
				);
				GCC_WARN_64_TO_32_BIT_CONVERSION = YES;
				GCC_WARN_ABOUT_RETURN_TYPE = YES_ERROR;
				GCC_WARN_UNDECLARED_SELECTOR = YES;
				GCC_WARN_UNINITIALIZED_AUTOS = YES_AGGRESSIVE;
				GCC_WARN_UNUSED_FUNCTION = YES;
				GCC_WARN_UNUSED_VARIABLE = YES;
				IPHONEOS_DEPLOYMENT_TARGET = 15.4;
				MTL_ENABLE_DEBUG_INFO = INCLUDE_SOURCE;
				MTL_FAST_MATH = YES;
				ONLY_ACTIVE_ARCH = YES;
				SDKROOT = iphoneos;
				SWIFT_ACTIVE_COMPILATION_CONDITIONS = DEBUG;
				SWIFT_OPTIMIZATION_LEVEL = "-Onone";
			};
			name = Debug;
		};
		04F9D93728464CB70056FF5B /* Release */ = {
			isa = XCBuildConfiguration;
			buildSettings = {
				ALWAYS_SEARCH_USER_PATHS = NO;
				CLANG_ANALYZER_NONNULL = YES;
				CLANG_ANALYZER_NUMBER_OBJECT_CONVERSION = YES_AGGRESSIVE;
				CLANG_CXX_LANGUAGE_STANDARD = "gnu++17";
				CLANG_ENABLE_MODULES = YES;
				CLANG_ENABLE_OBJC_ARC = YES;
				CLANG_ENABLE_OBJC_WEAK = YES;
				CLANG_WARN_BLOCK_CAPTURE_AUTORELEASING = YES;
				CLANG_WARN_BOOL_CONVERSION = YES;
				CLANG_WARN_COMMA = YES;
				CLANG_WARN_CONSTANT_CONVERSION = YES;
				CLANG_WARN_DEPRECATED_OBJC_IMPLEMENTATIONS = YES;
				CLANG_WARN_DIRECT_OBJC_ISA_USAGE = YES_ERROR;
				CLANG_WARN_DOCUMENTATION_COMMENTS = YES;
				CLANG_WARN_EMPTY_BODY = YES;
				CLANG_WARN_ENUM_CONVERSION = YES;
				CLANG_WARN_INFINITE_RECURSION = YES;
				CLANG_WARN_INT_CONVERSION = YES;
				CLANG_WARN_NON_LITERAL_NULL_CONVERSION = YES;
				CLANG_WARN_OBJC_IMPLICIT_RETAIN_SELF = YES;
				CLANG_WARN_OBJC_LITERAL_CONVERSION = YES;
				CLANG_WARN_OBJC_ROOT_CLASS = YES_ERROR;
				CLANG_WARN_QUOTED_INCLUDE_IN_FRAMEWORK_HEADER = YES;
				CLANG_WARN_RANGE_LOOP_ANALYSIS = YES;
				CLANG_WARN_STRICT_PROTOTYPES = YES;
				CLANG_WARN_SUSPICIOUS_MOVE = YES;
				CLANG_WARN_UNGUARDED_AVAILABILITY = YES_AGGRESSIVE;
				CLANG_WARN_UNREACHABLE_CODE = YES;
				CLANG_WARN__DUPLICATE_METHOD_MATCH = YES;
				COPY_PHASE_STRIP = NO;
				DEBUG_INFORMATION_FORMAT = "dwarf-with-dsym";
				ENABLE_NS_ASSERTIONS = NO;
				ENABLE_STRICT_OBJC_MSGSEND = YES;
				GCC_C_LANGUAGE_STANDARD = gnu11;
				GCC_NO_COMMON_BLOCKS = YES;
				GCC_WARN_64_TO_32_BIT_CONVERSION = YES;
				GCC_WARN_ABOUT_RETURN_TYPE = YES_ERROR;
				GCC_WARN_UNDECLARED_SELECTOR = YES;
				GCC_WARN_UNINITIALIZED_AUTOS = YES_AGGRESSIVE;
				GCC_WARN_UNUSED_FUNCTION = YES;
				GCC_WARN_UNUSED_VARIABLE = YES;
				IPHONEOS_DEPLOYMENT_TARGET = 15.4;
				MTL_ENABLE_DEBUG_INFO = NO;
				MTL_FAST_MATH = YES;
				SDKROOT = iphoneos;
				SWIFT_COMPILATION_MODE = wholemodule;
				SWIFT_OPTIMIZATION_LEVEL = "-O";
				VALIDATE_PRODUCT = YES;
			};
			name = Release;
		};
		04F9D93928464CB70056FF5B /* Debug */ = {
			isa = XCBuildConfiguration;
			buildSettings = {
				ASSETCATALOG_COMPILER_APPICON_NAME = AppIcon;
				ASSETCATALOG_COMPILER_GLOBAL_ACCENT_COLOR_NAME = AccentColor;
				CODE_SIGN_STYLE = Automatic;
				CURRENT_PROJECT_VERSION = 1;
				GENERATE_INFOPLIST_FILE = YES;
				INFOPLIST_FILE = Messeger/Info.plist;
				INFOPLIST_KEY_CFBundleDisplayName = Messeger;
				INFOPLIST_KEY_UIApplicationSupportsIndirectInputEvents = YES;
				INFOPLIST_KEY_UILaunchStoryboardName = LaunchScreen;
				INFOPLIST_KEY_UIMainStoryboardFile = Main;
				INFOPLIST_KEY_UISupportedInterfaceOrientations = UIInterfaceOrientationPortrait;
				INFOPLIST_KEY_UISupportedInterfaceOrientations_iPad = "UIInterfaceOrientationPortrait UIInterfaceOrientationPortraitUpsideDown UIInterfaceOrientationLandscapeLeft UIInterfaceOrientationLandscapeRight";
				INFOPLIST_KEY_UISupportedInterfaceOrientations_iPhone = "UIInterfaceOrientationPortrait UIInterfaceOrientationLandscapeLeft UIInterfaceOrientationLandscapeRight";
				LD_RUNPATH_SEARCH_PATHS = (
					"$(inherited)",
					"@executable_path/Frameworks",
				);
				MARKETING_VERSION = 1.0;
				PRODUCT_BUNDLE_IDENTIFIER = example.messeger;
				PRODUCT_NAME = "$(TARGET_NAME)";
				SWIFT_EMIT_LOC_STRINGS = YES;
				SWIFT_VERSION = 5.0;
				TARGETED_DEVICE_FAMILY = "1,2";
			};
			name = Debug;
		};
		04F9D93A28464CB70056FF5B /* Release */ = {
			isa = XCBuildConfiguration;
			buildSettings = {
				ASSETCATALOG_COMPILER_APPICON_NAME = AppIcon;
				ASSETCATALOG_COMPILER_GLOBAL_ACCENT_COLOR_NAME = AccentColor;
				CODE_SIGN_STYLE = Automatic;
				CURRENT_PROJECT_VERSION = 1;
				GENERATE_INFOPLIST_FILE = YES;
				INFOPLIST_FILE = Messeger/Info.plist;
				INFOPLIST_KEY_CFBundleDisplayName = Messeger;
				INFOPLIST_KEY_UIApplicationSupportsIndirectInputEvents = YES;
				INFOPLIST_KEY_UILaunchStoryboardName = LaunchScreen;
				INFOPLIST_KEY_UIMainStoryboardFile = Main;
				INFOPLIST_KEY_UISupportedInterfaceOrientations = UIInterfaceOrientationPortrait;
				INFOPLIST_KEY_UISupportedInterfaceOrientations_iPad = "UIInterfaceOrientationPortrait UIInterfaceOrientationPortraitUpsideDown UIInterfaceOrientationLandscapeLeft UIInterfaceOrientationLandscapeRight";
				INFOPLIST_KEY_UISupportedInterfaceOrientations_iPhone = "UIInterfaceOrientationPortrait UIInterfaceOrientationLandscapeLeft UIInterfaceOrientationLandscapeRight";
				LD_RUNPATH_SEARCH_PATHS = (
					"$(inherited)",
					"@executable_path/Frameworks",
				);
				MARKETING_VERSION = 1.0;
				PRODUCT_BUNDLE_IDENTIFIER = example.messeger;
				PRODUCT_NAME = "$(TARGET_NAME)";
				SWIFT_EMIT_LOC_STRINGS = YES;
				SWIFT_VERSION = 5.0;
				TARGETED_DEVICE_FAMILY = "1,2";
			};
			name = Release;
		};
		04F9D93C28464CB70056FF5B /* Debug */ = {
			isa = XCBuildConfiguration;
			buildSettings = {
				ALWAYS_EMBED_SWIFT_STANDARD_LIBRARIES = YES;
				BUNDLE_LOADER = "$(TEST_HOST)";
				CODE_SIGN_STYLE = Automatic;
				CURRENT_PROJECT_VERSION = 1;
				GENERATE_INFOPLIST_FILE = YES;
				IPHONEOS_DEPLOYMENT_TARGET = 15.4;
				MARKETING_VERSION = 1.0;
				PRODUCT_BUNDLE_IDENTIFIER = example.MessegerTests;
				PRODUCT_NAME = "$(TARGET_NAME)";
				SWIFT_EMIT_LOC_STRINGS = NO;
				SWIFT_VERSION = 5.0;
				TARGETED_DEVICE_FAMILY = "1,2";
				TEST_HOST = "$(BUILT_PRODUCTS_DIR)/Messeger.app/Messeger";
			};
			name = Debug;
		};
		04F9D93D28464CB70056FF5B /* Release */ = {
			isa = XCBuildConfiguration;
			buildSettings = {
				ALWAYS_EMBED_SWIFT_STANDARD_LIBRARIES = YES;
				BUNDLE_LOADER = "$(TEST_HOST)";
				CODE_SIGN_STYLE = Automatic;
				CURRENT_PROJECT_VERSION = 1;
				GENERATE_INFOPLIST_FILE = YES;
				IPHONEOS_DEPLOYMENT_TARGET = 15.4;
				MARKETING_VERSION = 1.0;
				PRODUCT_BUNDLE_IDENTIFIER = example.MessegerTests;
				PRODUCT_NAME = "$(TARGET_NAME)";
				SWIFT_EMIT_LOC_STRINGS = NO;
				SWIFT_VERSION = 5.0;
				TARGETED_DEVICE_FAMILY = "1,2";
				TEST_HOST = "$(BUILT_PRODUCTS_DIR)/Messeger.app/Messeger";
			};
			name = Release;
		};
		04F9D93F28464CB70056FF5B /* Debug */ = {
			isa = XCBuildConfiguration;
			buildSettings = {
				ALWAYS_EMBED_SWIFT_STANDARD_LIBRARIES = YES;
				CODE_SIGN_STYLE = Automatic;
				CURRENT_PROJECT_VERSION = 1;
				GENERATE_INFOPLIST_FILE = YES;
				MARKETING_VERSION = 1.0;
				PRODUCT_BUNDLE_IDENTIFIER = example.MessegerUITests;
				PRODUCT_NAME = "$(TARGET_NAME)";
				SWIFT_EMIT_LOC_STRINGS = NO;
				SWIFT_VERSION = 5.0;
				TARGETED_DEVICE_FAMILY = "1,2";
				TEST_TARGET_NAME = Messeger;
			};
			name = Debug;
		};
		04F9D94028464CB70056FF5B /* Release */ = {
			isa = XCBuildConfiguration;
			buildSettings = {
				ALWAYS_EMBED_SWIFT_STANDARD_LIBRARIES = YES;
				CODE_SIGN_STYLE = Automatic;
				CURRENT_PROJECT_VERSION = 1;
				GENERATE_INFOPLIST_FILE = YES;
				MARKETING_VERSION = 1.0;
				PRODUCT_BUNDLE_IDENTIFIER = example.MessegerUITests;
				PRODUCT_NAME = "$(TARGET_NAME)";
				SWIFT_EMIT_LOC_STRINGS = NO;
				SWIFT_VERSION = 5.0;
				TARGETED_DEVICE_FAMILY = "1,2";
				TEST_TARGET_NAME = Messeger;
			};
			name = Release;
		};
/* End XCBuildConfiguration section */

/* Begin XCConfigurationList section */
		04F9D90928464CB60056FF5B /* Build configuration list for PBXProject "Messeger" */ = {
			isa = XCConfigurationList;
			buildConfigurations = (
				04F9D93628464CB70056FF5B /* Debug */,
				04F9D93728464CB70056FF5B /* Release */,
			);
			defaultConfigurationIsVisible = 0;
			defaultConfigurationName = Release;
		};
		04F9D93828464CB70056FF5B /* Build configuration list for PBXNativeTarget "Messeger" */ = {
			isa = XCConfigurationList;
			buildConfigurations = (
				04F9D93928464CB70056FF5B /* Debug */,
				04F9D93A28464CB70056FF5B /* Release */,
			);
			defaultConfigurationIsVisible = 0;
			defaultConfigurationName = Release;
		};
		04F9D93B28464CB70056FF5B /* Build configuration list for PBXNativeTarget "MessegerTests" */ = {
			isa = XCConfigurationList;
			buildConfigurations = (
				04F9D93C28464CB70056FF5B /* Debug */,
				04F9D93D28464CB70056FF5B /* Release */,
			);
			defaultConfigurationIsVisible = 0;
			defaultConfigurationName = Release;
		};
		04F9D93E28464CB70056FF5B /* Build configuration list for PBXNativeTarget "MessegerUITests" */ = {
			isa = XCConfigurationList;
			buildConfigurations = (
				04F9D93F28464CB70056FF5B /* Debug */,
				04F9D94028464CB70056FF5B /* Release */,
			);
			defaultConfigurationIsVisible = 0;
			defaultConfigurationName = Release;
		};
/* End XCConfigurationList section */
	};
	rootObject = 04F9D90628464CB60056FF5B /* Project object */;
}
